// !$*UTF8*$!
{
	archiveVersion = 1;
	classes = {
	};
	objectVersion = 56;
	objects = {

/* Begin PBXBuildFile section */
		24D959682ADC689700FA46FD /* TrackerApp.swift in Sources */ = {isa = PBXBuildFile; fileRef = 24D959672ADC689700FA46FD /* TrackerApp.swift */; };
		24D9596A2ADC689700FA46FD /* ContentView.swift in Sources */ = {isa = PBXBuildFile; fileRef = 24D959692ADC689700FA46FD /* ContentView.swift */; };
		24D9596C2ADC689900FA46FD /* Assets.xcassets in Resources */ = {isa = PBXBuildFile; fileRef = 24D9596B2ADC689900FA46FD /* Assets.xcassets */; };
		24D9596F2ADC689900FA46FD /* Preview Assets.xcassets in Resources */ = {isa = PBXBuildFile; fileRef = 24D9596E2ADC689900FA46FD /* Preview Assets.xcassets */; };
		24D959792ADC689900FA46FD /* TrackerTests.swift in Sources */ = {isa = PBXBuildFile; fileRef = 24D959782ADC689900FA46FD /* TrackerTests.swift */; };
		24D959832ADC689900FA46FD /* TrackerUITests.swift in Sources */ = {isa = PBXBuildFile; fileRef = 24D959822ADC689900FA46FD /* TrackerUITests.swift */; };
		24D959852ADC689900FA46FD /* TrackerUITestsLaunchTests.swift in Sources */ = {isa = PBXBuildFile; fileRef = 24D959842ADC689900FA46FD /* TrackerUITestsLaunchTests.swift */; };
/* End PBXBuildFile section */

/* Begin PBXContainerItemProxy section */
		24D959752ADC689900FA46FD /* PBXContainerItemProxy */ = {
			isa = PBXContainerItemProxy;
			containerPortal = 24D9595C2ADC689700FA46FD /* Project object */;
			proxyType = 1;
			remoteGlobalIDString = 24D959632ADC689700FA46FD;
			remoteInfo = Tracker;
		};
		24D9597F2ADC689900FA46FD /* PBXContainerItemProxy */ = {
			isa = PBXContainerItemProxy;
			containerPortal = 24D9595C2ADC689700FA46FD /* Project object */;
			proxyType = 1;
			remoteGlobalIDString = 24D959632ADC689700FA46FD;
			remoteInfo = Tracker;
		};
/* End PBXContainerItemProxy section */

/* Begin PBXFileReference section */
		24D959642ADC689700FA46FD /* Tracker.app */ = {isa = PBXFileReference; explicitFileType = wrapper.application; includeInIndex = 0; path = Tracker.app; sourceTree = BUILT_PRODUCTS_DIR; };
		24D959672ADC689700FA46FD /* TrackerApp.swift */ = {isa = PBXFileReference; lastKnownFileType = sourcecode.swift; path = TrackerApp.swift; sourceTree = "<group>"; };
		24D959692ADC689700FA46FD /* ContentView.swift */ = {isa = PBXFileReference; lastKnownFileType = sourcecode.swift; path = ContentView.swift; sourceTree = "<group>"; };
		24D9596B2ADC689900FA46FD /* Assets.xcassets */ = {isa = PBXFileReference; lastKnownFileType = folder.assetcatalog; path = Assets.xcassets; sourceTree = "<group>"; };
		24D9596E2ADC689900FA46FD /* Preview Assets.xcassets */ = {isa = PBXFileReference; lastKnownFileType = folder.assetcatalog; path = "Preview Assets.xcassets"; sourceTree = "<group>"; };
		24D959742ADC689900FA46FD /* TrackerTests.xctest */ = {isa = PBXFileReference; explicitFileType = wrapper.cfbundle; includeInIndex = 0; path = TrackerTests.xctest; sourceTree = BUILT_PRODUCTS_DIR; };
		24D959782ADC689900FA46FD /* TrackerTests.swift */ = {isa = PBXFileReference; lastKnownFileType = sourcecode.swift; path = TrackerTests.swift; sourceTree = "<group>"; };
		24D9597E2ADC689900FA46FD /* TrackerUITests.xctest */ = {isa = PBXFileReference; explicitFileType = wrapper.cfbundle; includeInIndex = 0; path = TrackerUITests.xctest; sourceTree = BUILT_PRODUCTS_DIR; };
		24D959822ADC689900FA46FD /* TrackerUITests.swift */ = {isa = PBXFileReference; lastKnownFileType = sourcecode.swift; path = TrackerUITests.swift; sourceTree = "<group>"; };
		24D959842ADC689900FA46FD /* TrackerUITestsLaunchTests.swift */ = {isa = PBXFileReference; lastKnownFileType = sourcecode.swift; path = TrackerUITestsLaunchTests.swift; sourceTree = "<group>"; };
/* End PBXFileReference section */

/* Begin PBXFrameworksBuildPhase section */
		24D959612ADC689700FA46FD /* Frameworks */ = {
			isa = PBXFrameworksBuildPhase;
			buildActionMask = 2147483647;
			files = (
			);
			runOnlyForDeploymentPostprocessing = 0;
		};
		24D959712ADC689900FA46FD /* Frameworks */ = {
			isa = PBXFrameworksBuildPhase;
			buildActionMask = 2147483647;
			files = (
			);
			runOnlyForDeploymentPostprocessing = 0;
		};
		24D9597B2ADC689900FA46FD /* Frameworks */ = {
			isa = PBXFrameworksBuildPhase;
			buildActionMask = 2147483647;
			files = (
			);
			runOnlyForDeploymentPostprocessing = 0;
		};
/* End PBXFrameworksBuildPhase section */

/* Begin PBXGroup section */
		24D9595B2ADC689700FA46FD = {
			isa = PBXGroup;
			children = (
				24D959662ADC689700FA46FD /* Tracker */,
				24D959772ADC689900FA46FD /* TrackerTests */,
				24D959812ADC689900FA46FD /* TrackerUITests */,
				24D959652ADC689700FA46FD /* Products */,
			);
			sourceTree = "<group>";
		};
		24D959652ADC689700FA46FD /* Products */ = {
			isa = PBXGroup;
			children = (
				24D959642ADC689700FA46FD /* Tracker.app */,
				24D959742ADC689900FA46FD /* TrackerTests.xctest */,
				24D9597E2ADC689900FA46FD /* TrackerUITests.xctest */,
			);
			name = Products;
			sourceTree = "<group>";
		};
		24D959662ADC689700FA46FD /* Tracker */ = {
			isa = PBXGroup;
			children = (
				24D959672ADC689700FA46FD /* TrackerApp.swift */,
				24D959692ADC689700FA46FD /* ContentView.swift */,
				24D9596B2ADC689900FA46FD /* Assets.xcassets */,
				24D9596D2ADC689900FA46FD /* Preview Content */,
			);
			path = Tracker;
			sourceTree = "<group>";
		};
		24D9596D2ADC689900FA46FD /* Preview Content */ = {
			isa = PBXGroup;
			children = (
				24D9596E2ADC689900FA46FD /* Preview Assets.xcassets */,
			);
			path = "Preview Content";
			sourceTree = "<group>";
		};
		24D959772ADC689900FA46FD /* TrackerTests */ = {
			isa = PBXGroup;
			children = (
				24D959782ADC689900FA46FD /* TrackerTests.swift */,
			);
			path = TrackerTests;
			sourceTree = "<group>";
		};
		24D959812ADC689900FA46FD /* TrackerUITests */ = {
			isa = PBXGroup;
			children = (
				24D959822ADC689900FA46FD /* TrackerUITests.swift */,
				24D959842ADC689900FA46FD /* TrackerUITestsLaunchTests.swift */,
			);
			path = TrackerUITests;
			sourceTree = "<group>";
		};
/* End PBXGroup section */

/* Begin PBXNativeTarget section */
		24D959632ADC689700FA46FD /* Tracker */ = {
			isa = PBXNativeTarget;
			buildConfigurationList = 24D959882ADC689900FA46FD /* Build configuration list for PBXNativeTarget "Tracker" */;
			buildPhases = (
				24D959602ADC689700FA46FD /* Sources */,
				24D959612ADC689700FA46FD /* Frameworks */,
				24D959622ADC689700FA46FD /* Resources */,
			);
			buildRules = (
			);
			dependencies = (
			);
			name = Tracker;
			productName = Tracker;
			productReference = 24D959642ADC689700FA46FD /* Tracker.app */;
			productType = "com.apple.product-type.application";
		};
		24D959732ADC689900FA46FD /* TrackerTests */ = {
			isa = PBXNativeTarget;
			buildConfigurationList = 24D9598B2ADC689900FA46FD /* Build configuration list for PBXNativeTarget "TrackerTests" */;
			buildPhases = (
				24D959702ADC689900FA46FD /* Sources */,
				24D959712ADC689900FA46FD /* Frameworks */,
				24D959722ADC689900FA46FD /* Resources */,
			);
			buildRules = (
			);
			dependencies = (
				24D959762ADC689900FA46FD /* PBXTargetDependency */,
			);
			name = TrackerTests;
			productName = TrackerTests;
			productReference = 24D959742ADC689900FA46FD /* TrackerTests.xctest */;
			productType = "com.apple.product-type.bundle.unit-test";
		};
		24D9597D2ADC689900FA46FD /* TrackerUITests */ = {
			isa = PBXNativeTarget;
			buildConfigurationList = 24D9598E2ADC689900FA46FD /* Build configuration list for PBXNativeTarget "TrackerUITests" */;
			buildPhases = (
				24D9597A2ADC689900FA46FD /* Sources */,
				24D9597B2ADC689900FA46FD /* Frameworks */,
				24D9597C2ADC689900FA46FD /* Resources */,
			);
			buildRules = (
			);
			dependencies = (
				24D959802ADC689900FA46FD /* PBXTargetDependency */,
			);
			name = TrackerUITests;
			productName = TrackerUITests;
			productReference = 24D9597E2ADC689900FA46FD /* TrackerUITests.xctest */;
			productType = "com.apple.product-type.bundle.ui-testing";
		};
/* End PBXNativeTarget section */

/* Begin PBXProject section */
		24D9595C2ADC689700FA46FD /* Project object */ = {
			isa = PBXProject;
			attributes = {
				BuildIndependentTargetsInParallel = 1;
				LastSwiftUpdateCheck = 1500;
				LastUpgradeCheck = 1500;
				TargetAttributes = {
					24D959632ADC689700FA46FD = {
						CreatedOnToolsVersion = 15.0;
					};
					24D959732ADC689900FA46FD = {
						CreatedOnToolsVersion = 15.0;
						TestTargetID = 24D959632ADC689700FA46FD;
					};
					24D9597D2ADC689900FA46FD = {
						CreatedOnToolsVersion = 15.0;
						TestTargetID = 24D959632ADC689700FA46FD;
					};
				};
			};
			buildConfigurationList = 24D9595F2ADC689700FA46FD /* Build configuration list for PBXProject "Tracker" */;
			compatibilityVersion = "Xcode 14.0";
			developmentRegion = en;
			hasScannedForEncodings = 0;
			knownRegions = (
				en,
				Base,
			);
			mainGroup = 24D9595B2ADC689700FA46FD;
			productRefGroup = 24D959652ADC689700FA46FD /* Products */;
			projectDirPath = "";
			projectRoot = "";
			targets = (
				24D959632ADC689700FA46FD /* Tracker */,
				24D959732ADC689900FA46FD /* TrackerTests */,
				24D9597D2ADC689900FA46FD /* TrackerUITests */,
			);
		};
/* End PBXProject section */

/* Begin PBXResourcesBuildPhase section */
		24D959622ADC689700FA46FD /* Resources */ = {
			isa = PBXResourcesBuildPhase;
			buildActionMask = 2147483647;
			files = (
				24D9596F2ADC689900FA46FD /* Preview Assets.xcassets in Resources */,
				24D9596C2ADC689900FA46FD /* Assets.xcassets in Resources */,
			);
			runOnlyForDeploymentPostprocessing = 0;
		};
		24D959722ADC689900FA46FD /* Resources */ = {
			isa = PBXResourcesBuildPhase;
			buildActionMask = 2147483647;
			files = (
			);
			runOnlyForDeploymentPostprocessing = 0;
		};
		24D9597C2ADC689900FA46FD /* Resources */ = {
			isa = PBXResourcesBuildPhase;
			buildActionMask = 2147483647;
			files = (
			);
			runOnlyForDeploymentPostprocessing = 0;
		};
/* End PBXResourcesBuildPhase section */

/* Begin PBXSourcesBuildPhase section */
		24D959602ADC689700FA46FD /* Sources */ = {
			isa = PBXSourcesBuildPhase;
			buildActionMask = 2147483647;
			files = (
				24D9596A2ADC689700FA46FD /* ContentView.swift in Sources */,
				24D959682ADC689700FA46FD /* TrackerApp.swift in Sources */,
			);
			runOnlyForDeploymentPostprocessing = 0;
		};
		24D959702ADC689900FA46FD /* Sources */ = {
			isa = PBXSourcesBuildPhase;
			buildActionMask = 2147483647;
			files = (
				24D959792ADC689900FA46FD /* TrackerTests.swift in Sources */,
			);
			runOnlyForDeploymentPostprocessing = 0;
		};
		24D9597A2ADC689900FA46FD /* Sources */ = {
			isa = PBXSourcesBuildPhase;
			buildActionMask = 2147483647;
			files = (
				24D959832ADC689900FA46FD /* TrackerUITests.swift in Sources */,
				24D959852ADC689900FA46FD /* TrackerUITestsLaunchTests.swift in Sources */,
			);
			runOnlyForDeploymentPostprocessing = 0;
		};
/* End PBXSourcesBuildPhase section */

/* Begin PBXTargetDependency section */
		24D959762ADC689900FA46FD /* PBXTargetDependency */ = {
			isa = PBXTargetDependency;
			target = 24D959632ADC689700FA46FD /* Tracker */;
			targetProxy = 24D959752ADC689900FA46FD /* PBXContainerItemProxy */;
		};
		24D959802ADC689900FA46FD /* PBXTargetDependency */ = {
			isa = PBXTargetDependency;
			target = 24D959632ADC689700FA46FD /* Tracker */;
			targetProxy = 24D9597F2ADC689900FA46FD /* PBXContainerItemProxy */;
		};
/* End PBXTargetDependency section */

/* Begin XCBuildConfiguration section */
		24D959862ADC689900FA46FD /* Debug */ = {
			isa = XCBuildConfiguration;
			buildSettings = {
				ALWAYS_SEARCH_USER_PATHS = NO;
				ASSETCATALOG_COMPILER_GENERATE_SWIFT_ASSET_SYMBOL_EXTENSIONS = YES;
				CLANG_ANALYZER_NONNULL = YES;
				CLANG_ANALYZER_NUMBER_OBJECT_CONVERSION = YES_AGGRESSIVE;
				CLANG_CXX_LANGUAGE_STANDARD = "gnu++20";
				CLANG_ENABLE_MODULES = YES;
				CLANG_ENABLE_OBJC_ARC = YES;
				CLANG_ENABLE_OBJC_WEAK = YES;
				CLANG_WARN_BLOCK_CAPTURE_AUTORELEASING = YES;
				CLANG_WARN_BOOL_CONVERSION = YES;
				CLANG_WARN_COMMA = YES;
				CLANG_WARN_CONSTANT_CONVERSION = YES;
				CLANG_WARN_DEPRECATED_OBJC_IMPLEMENTATIONS = YES;
				CLANG_WARN_DIRECT_OBJC_ISA_USAGE = YES_ERROR;
				CLANG_WARN_DOCUMENTATION_COMMENTS = YES;
				CLANG_WARN_EMPTY_BODY = YES;
				CLANG_WARN_ENUM_CONVERSION = YES;
				CLANG_WARN_INFINITE_RECURSION = YES;
				CLANG_WARN_INT_CONVERSION = YES;
				CLANG_WARN_NON_LITERAL_NULL_CONVERSION = YES;
				CLANG_WARN_OBJC_IMPLICIT_RETAIN_SELF = YES;
				CLANG_WARN_OBJC_LITERAL_CONVERSION = YES;
				CLANG_WARN_OBJC_ROOT_CLASS = YES_ERROR;
				CLANG_WARN_QUOTED_INCLUDE_IN_FRAMEWORK_HEADER = YES;
				CLANG_WARN_RANGE_LOOP_ANALYSIS = YES;
				CLANG_WARN_STRICT_PROTOTYPES = YES;
				CLANG_WARN_SUSPICIOUS_MOVE = YES;
				CLANG_WARN_UNGUARDED_AVAILABILITY = YES_AGGRESSIVE;
				CLANG_WARN_UNREACHABLE_CODE = YES;
				CLANG_WARN__DUPLICATE_METHOD_MATCH = YES;
				COPY_PHASE_STRIP = NO;
				DEBUG_INFORMATION_FORMAT = dwarf;
				ENABLE_STRICT_OBJC_MSGSEND = YES;
				ENABLE_TESTABILITY = YES;
				ENABLE_USER_SCRIPT_SANDBOXING = YES;
				GCC_C_LANGUAGE_STANDARD = gnu17;
				GCC_DYNAMIC_NO_PIC = NO;
				GCC_NO_COMMON_BLOCKS = YES;
				GCC_OPTIMIZATION_LEVEL = 0;
				GCC_PREPROCESSOR_DEFINITIONS = (
					"DEBUG=1",
					"$(inherited)",
				);
				GCC_WARN_64_TO_32_BIT_CONVERSION = YES;
				GCC_WARN_ABOUT_RETURN_TYPE = YES_ERROR;
				GCC_WARN_UNDECLARED_SELECTOR = YES;
				GCC_WARN_UNINITIALIZED_AUTOS = YES_AGGRESSIVE;
				GCC_WARN_UNUSED_FUNCTION = YES;
				GCC_WARN_UNUSED_VARIABLE = YES;
				IPHONEOS_DEPLOYMENT_TARGET = 17.0;
				LOCALIZATION_PREFERS_STRING_CATALOGS = YES;
				MTL_ENABLE_DEBUG_INFO = INCLUDE_SOURCE;
				MTL_FAST_MATH = YES;
				ONLY_ACTIVE_ARCH = YES;
				SDKROOT = iphoneos;
				SWIFT_ACTIVE_COMPILATION_CONDITIONS = "DEBUG $(inherited)";
				SWIFT_OPTIMIZATION_LEVEL = "-Onone";
			};
			name = Debug;
		};
		24D959872ADC689900FA46FD /* Release */ = {
			isa = XCBuildConfiguration;
			buildSettings = {
				ALWAYS_SEARCH_USER_PATHS = NO;
				ASSETCATALOG_COMPILER_GENERATE_SWIFT_ASSET_SYMBOL_EXTENSIONS = YES;
				CLANG_ANALYZER_NONNULL = YES;
				CLANG_ANALYZER_NUMBER_OBJECT_CONVERSION = YES_AGGRESSIVE;
				CLANG_CXX_LANGUAGE_STANDARD = "gnu++20";
				CLANG_ENABLE_MODULES = YES;
				CLANG_ENABLE_OBJC_ARC = YES;
				CLANG_ENABLE_OBJC_WEAK = YES;
				CLANG_WARN_BLOCK_CAPTURE_AUTORELEASING = YES;
				CLANG_WARN_BOOL_CONVERSION = YES;
				CLANG_WARN_COMMA = YES;
				CLANG_WARN_CONSTANT_CONVERSION = YES;
				CLANG_WARN_DEPRECATED_OBJC_IMPLEMENTATIONS = YES;
				CLANG_WARN_DIRECT_OBJC_ISA_USAGE = YES_ERROR;
				CLANG_WARN_DOCUMENTATION_COMMENTS = YES;
				CLANG_WARN_EMPTY_BODY = YES;
				CLANG_WARN_ENUM_CONVERSION = YES;
				CLANG_WARN_INFINITE_RECURSION = YES;
				CLANG_WARN_INT_CONVERSION = YES;
				CLANG_WARN_NON_LITERAL_NULL_CONVERSION = YES;
				CLANG_WARN_OBJC_IMPLICIT_RETAIN_SELF = YES;
				CLANG_WARN_OBJC_LITERAL_CONVERSION = YES;
				CLANG_WARN_OBJC_ROOT_CLASS = YES_ERROR;
				CLANG_WARN_QUOTED_INCLUDE_IN_FRAMEWORK_HEADER = YES;
				CLANG_WARN_RANGE_LOOP_ANALYSIS = YES;
				CLANG_WARN_STRICT_PROTOTYPES = YES;
				CLANG_WARN_SUSPICIOUS_MOVE = YES;
				CLANG_WARN_UNGUARDED_AVAILABILITY = YES_AGGRESSIVE;
				CLANG_WARN_UNREACHABLE_CODE = YES;
				CLANG_WARN__DUPLICATE_METHOD_MATCH = YES;
				COPY_PHASE_STRIP = NO;
				DEBUG_INFORMATION_FORMAT = "dwarf-with-dsym";
				ENABLE_NS_ASSERTIONS = NO;
				ENABLE_STRICT_OBJC_MSGSEND = YES;
				ENABLE_USER_SCRIPT_SANDBOXING = YES;
				GCC_C_LANGUAGE_STANDARD = gnu17;
				GCC_NO_COMMON_BLOCKS = YES;
				GCC_WARN_64_TO_32_BIT_CONVERSION = YES;
				GCC_WARN_ABOUT_RETURN_TYPE = YES_ERROR;
				GCC_WARN_UNDECLARED_SELECTOR = YES;
				GCC_WARN_UNINITIALIZED_AUTOS = YES_AGGRESSIVE;
				GCC_WARN_UNUSED_FUNCTION = YES;
				GCC_WARN_UNUSED_VARIABLE = YES;
				IPHONEOS_DEPLOYMENT_TARGET = 17.0;
				LOCALIZATION_PREFERS_STRING_CATALOGS = YES;
				MTL_ENABLE_DEBUG_INFO = NO;
				MTL_FAST_MATH = YES;
				SDKROOT = iphoneos;
				SWIFT_COMPILATION_MODE = wholemodule;
				VALIDATE_PRODUCT = YES;
			};
			name = Release;
		};
		24D959892ADC689900FA46FD /* Debug */ = {
			isa = XCBuildConfiguration;
			buildSettings = {
				ASSETCATALOG_COMPILER_APPICON_NAME = AppIcon;
				ASSETCATALOG_COMPILER_GLOBAL_ACCENT_COLOR_NAME = AccentColor;
				CODE_SIGN_STYLE = Automatic;
				CURRENT_PROJECT_VERSION = 1;
				DEVELOPMENT_ASSET_PATHS = "\"Tracker/Preview Content\"";
				DEVELOPMENT_TEAM = 27T36LCP7G;
				ENABLE_PREVIEWS = YES;
				GENERATE_INFOPLIST_FILE = YES;
				INFOPLIST_KEY_UIApplicationSceneManifest_Generation = YES;
				INFOPLIST_KEY_UIApplicationSupportsIndirectInputEvents = YES;
				INFOPLIST_KEY_UILaunchScreen_Generation = YES;
				INFOPLIST_KEY_UISupportedInterfaceOrientations_iPad = "UIInterfaceOrientationPortrait UIInterfaceOrientationPortraitUpsideDown UIInterfaceOrientationLandscapeLeft UIInterfaceOrientationLandscapeRight";
				INFOPLIST_KEY_UISupportedInterfaceOrientations_iPhone = "UIInterfaceOrientationPortrait UIInterfaceOrientationLandscapeLeft UIInterfaceOrientationLandscapeRight";
				LD_RUNPATH_SEARCH_PATHS = (
					"$(inherited)",
					"@executable_path/Frameworks",
				);
				MARKETING_VERSION = 1.0;
				PRODUCT_BUNDLE_IDENTIFIER = appi.appi.Tracker;
				PRODUCT_NAME = "$(TARGET_NAME)";
				SWIFT_EMIT_LOC_STRINGS = YES;
				SWIFT_VERSION = 5.0;
				TARGETED_DEVICE_FAMILY = "1,2";
			};
			name = Debug;
		};
		24D9598A2ADC689900FA46FD /* Release */ = {
			isa = XCBuildConfiguration;
			buildSettings = {
				ASSETCATALOG_COMPILER_APPICON_NAME = AppIcon;
				ASSETCATALOG_COMPILER_GLOBAL_ACCENT_COLOR_NAME = AccentColor;
				CODE_SIGN_STYLE = Automatic;
				CURRENT_PROJECT_VERSION = 1;
				DEVELOPMENT_ASSET_PATHS = "\"Tracker/Preview Content\"";
				DEVELOPMENT_TEAM = 27T36LCP7G;
				ENABLE_PREVIEWS = YES;
				GENERATE_INFOPLIST_FILE = YES;
				INFOPLIST_KEY_UIApplicationSceneManifest_Generation = YES;
				INFOPLIST_KEY_UIApplicationSupportsIndirectInputEvents = YES;
				INFOPLIST_KEY_UILaunchScreen_Generation = YES;
				INFOPLIST_KEY_UISupportedInterfaceOrientations_iPad = "UIInterfaceOrientationPortrait UIInterfaceOrientationPortraitUpsideDown UIInterfaceOrientationLandscapeLeft UIInterfaceOrientationLandscapeRight";
				INFOPLIST_KEY_UISupportedInterfaceOrientations_iPhone = "UIInterfaceOrientationPortrait UIInterfaceOrientationLandscapeLeft UIInterfaceOrientationLandscapeRight";
				LD_RUNPATH_SEARCH_PATHS = (
					"$(inherited)",
					"@executable_path/Frameworks",
				);
				MARKETING_VERSION = 1.0;
				PRODUCT_BUNDLE_IDENTIFIER = appi.appi.Tracker;
				PRODUCT_NAME = "$(TARGET_NAME)";
				SWIFT_EMIT_LOC_STRINGS = YES;
				SWIFT_VERSION = 5.0;
				TARGETED_DEVICE_FAMILY = "1,2";
			};
			name = Release;
		};
		24D9598C2ADC689900FA46FD /* Debug */ = {
			isa = XCBuildConfiguration;
			buildSettings = {
				ALWAYS_EMBED_SWIFT_STANDARD_LIBRARIES = YES;
				BUNDLE_LOADER = "$(TEST_HOST)";
				CODE_SIGN_STYLE = Automatic;
				CURRENT_PROJECT_VERSION = 1;
				DEVELOPMENT_TEAM = 27T36LCP7G;
				GENERATE_INFOPLIST_FILE = YES;
				IPHONEOS_DEPLOYMENT_TARGET = 17.0;
				MARKETING_VERSION = 1.0;
				PRODUCT_BUNDLE_IDENTIFIER = appi.appi.TrackerTests;
				PRODUCT_NAME = "$(TARGET_NAME)";
				SWIFT_EMIT_LOC_STRINGS = NO;
				SWIFT_VERSION = 5.0;
				TARGETED_DEVICE_FAMILY = "1,2";
				TEST_HOST = "$(BUILT_PRODUCTS_DIR)/Tracker.app/$(BUNDLE_EXECUTABLE_FOLDER_PATH)/Tracker";
			};
			name = Debug;
		};
		24D9598D2ADC689900FA46FD /* Release */ = {
			isa = XCBuildConfiguration;
			buildSettings = {
				ALWAYS_EMBED_SWIFT_STANDARD_LIBRARIES = YES;
				BUNDLE_LOADER = "$(TEST_HOST)";
				CODE_SIGN_STYLE = Automatic;
				CURRENT_PROJECT_VERSION = 1;
				DEVELOPMENT_TEAM = 27T36LCP7G;
				GENERATE_INFOPLIST_FILE = YES;
				IPHONEOS_DEPLOYMENT_TARGET = 17.0;
				MARKETING_VERSION = 1.0;
				PRODUCT_BUNDLE_IDENTIFIER = appi.appi.TrackerTests;
				PRODUCT_NAME = "$(TARGET_NAME)";
				SWIFT_EMIT_LOC_STRINGS = NO;
				SWIFT_VERSION = 5.0;
				TARGETED_DEVICE_FAMILY = "1,2";
				TEST_HOST = "$(BUILT_PRODUCTS_DIR)/Tracker.app/$(BUNDLE_EXECUTABLE_FOLDER_PATH)/Tracker";
			};
			name = Release;
		};
		24D9598F2ADC689900FA46FD /* Debug */ = {
			isa = XCBuildConfiguration;
			buildSettings = {
				ALWAYS_EMBED_SWIFT_STANDARD_LIBRARIES = YES;
				CODE_SIGN_STYLE = Automatic;
				CURRENT_PROJECT_VERSION = 1;
				DEVELOPMENT_TEAM = 27T36LCP7G;
				GENERATE_INFOPLIST_FILE = YES;
				MARKETING_VERSION = 1.0;
				PRODUCT_BUNDLE_IDENTIFIER = appi.appi.TrackerUITests;
				PRODUCT_NAME = "$(TARGET_NAME)";
				SWIFT_EMIT_LOC_STRINGS = NO;
				SWIFT_VERSION = 5.0;
				TARGETED_DEVICE_FAMILY = "1,2";
				TEST_TARGET_NAME = Tracker;
			};
			name = Debug;
		};
		24D959902ADC689900FA46FD /* Release */ = {
			isa = XCBuildConfiguration;
			buildSettings = {
				ALWAYS_EMBED_SWIFT_STANDARD_LIBRARIES = YES;
				CODE_SIGN_STYLE = Automatic;
				CURRENT_PROJECT_VERSION = 1;
				DEVELOPMENT_TEAM = 27T36LCP7G;
				GENERATE_INFOPLIST_FILE = YES;
				MARKETING_VERSION = 1.0;
				PRODUCT_BUNDLE_IDENTIFIER = appi.appi.TrackerUITests;
				PRODUCT_NAME = "$(TARGET_NAME)";
				SWIFT_EMIT_LOC_STRINGS = NO;
				SWIFT_VERSION = 5.0;
				TARGETED_DEVICE_FAMILY = "1,2";
				TEST_TARGET_NAME = Tracker;
			};
			name = Release;
		};
/* End XCBuildConfiguration section */

/* Begin XCConfigurationList section */
		24D9595F2ADC689700FA46FD /* Build configuration list for PBXProject "Tracker" */ = {
			isa = XCConfigurationList;
			buildConfigurations = (
				24D959862ADC689900FA46FD /* Debug */,
				24D959872ADC689900FA46FD /* Release */,
			);
			defaultConfigurationIsVisible = 0;
			defaultConfigurationName = Release;
		};
		24D959882ADC689900FA46FD /* Build configuration list for PBXNativeTarget "Tracker" */ = {
			isa = XCConfigurationList;
			buildConfigurations = (
				24D959892ADC689900FA46FD /* Debug */,
				24D9598A2ADC689900FA46FD /* Release */,
			);
			defaultConfigurationIsVisible = 0;
			defaultConfigurationName = Release;
		};
		24D9598B2ADC689900FA46FD /* Build configuration list for PBXNativeTarget "TrackerTests" */ = {
			isa = XCConfigurationList;
			buildConfigurations = (
				24D9598C2ADC689900FA46FD /* Debug */,
				24D9598D2ADC689900FA46FD /* Release */,
			);
			defaultConfigurationIsVisible = 0;
			defaultConfigurationName = Release;
		};
		24D9598E2ADC689900FA46FD /* Build configuration list for PBXNativeTarget "TrackerUITests" */ = {
			isa = XCConfigurationList;
			buildConfigurations = (
				24D9598F2ADC689900FA46FD /* Debug */,
				24D959902ADC689900FA46FD /* Release */,
			);
			defaultConfigurationIsVisible = 0;
			defaultConfigurationName = Release;
		};
/* End XCConfigurationList section */
	};
	rootObject = 24D9595C2ADC689700FA46FD /* Project object */;
}
